
Microsoft Visual Studio Solution File, Format Version 12.00
# Visual Studio Version 16
VisualStudioVersion = 16.0.31112.23
MinimumVisualStudioVersion = 10.0.40219.1
Project("{9A19103F-16F7-4668-BE54-9A1E7A4F7556}") = "TestPension", "TestPension.csproj", "{C9B86BBC-05DD-48A1-9978-18DE933F061C}"
EndProject
Global
	GlobalSection(SolutionConfigurationPlatforms) = preSolution
		Debug|Any CPU = Debug|Any CPU
		Release|Any CPU = Release|Any CPU
	EndGlobalSection
	GlobalSection(ProjectConfigurationPlatforms) = postSolution
		{C9B86BBC-05DD-48A1-9978-18DE933F061C}.Debug|Any CPU.ActiveCfg = Debug|Any CPU
		{C9B86BBC-05DD-48A1-9978-18DE933F061C}.Debug|Any CPU.Build.0 = Debug|Any CPU
		{C9B86BBC-05DD-48A1-9978-18DE933F061C}.Release|Any CPU.ActiveCfg = Release|Any CPU
		{C9B86BBC-05DD-48A1-9978-18DE933F061C}.Release|Any CPU.Build.0 = Release|Any CPU
	EndGlobalSection
	GlobalSection(SolutionProperties) = preSolution
		HideSolutionNode = FALSE
	EndGlobalSection
	GlobalSection(ExtensibilityGlobals) = postSolution
		SolutionGuid = {3805010D-B7B6-4C52-B134-129E4C5F0EB7}
	EndGlobalSection
EndGlobal
